// !$*UTF8*$!
{
	archiveVersion = 1;
	classes = {
	};
	objectVersion = 77;
	objects = {

/* Begin PBXContainerItemProxy section */
		DEA4DCC72F0BBD0200516FC2 /* PBXContainerItemProxy */ = {
			isa = PBXContainerItemProxy;
			containerPortal = DEA4DCAC2F0BBD0000516FC2 /* Project object */;
			proxyType = 1;
			remoteGlobalIDString = DEA4DCB32F0BBD0000516FC2;
			remoteInfo = SongTranscriber;
		};
		DEA4DCD12F0BBD0200516FC2 /* PBXContainerItemProxy */ = {
			isa = PBXContainerItemProxy;
			containerPortal = DEA4DCAC2F0BBD0000516FC2 /* Project object */;
			proxyType = 1;
			remoteGlobalIDString = DEA4DCB32F0BBD0000516FC2;
			remoteInfo = SongTranscriber;
		};
/* End PBXContainerItemProxy section */

/* Begin PBXFileReference section */
		DEA4DCB42F0BBD0000516FC2 /* SongTranscriber.app */ = {isa = PBXFileReference; explicitFileType = wrapper.application; includeInIndex = 0; path = SongTranscriber.app; sourceTree = BUILT_PRODUCTS_DIR; };
		DEA4DCC62F0BBD0200516FC2 /* SongTranscriberTests.xctest */ = {isa = PBXFileReference; explicitFileType = wrapper.cfbundle; includeInIndex = 0; path = SongTranscriberTests.xctest; sourceTree = BUILT_PRODUCTS_DIR; };
		DEA4DCD02F0BBD0200516FC2 /* SongTranscriberUITests.xctest */ = {isa = PBXFileReference; explicitFileType = wrapper.cfbundle; includeInIndex = 0; path = SongTranscriberUITests.xctest; sourceTree = BUILT_PRODUCTS_DIR; };
/* End PBXFileReference section */

/* Begin PBXFileSystemSynchronizedRootGroup section */
		DEA4DCB62F0BBD0000516FC2 /* SongTranscriber */ = {
			isa = PBXFileSystemSynchronizedRootGroup;
			path = SongTranscriber;
			sourceTree = "<group>";
		};
		DEA4DCC92F0BBD0200516FC2 /* SongTranscriberTests */ = {
			isa = PBXFileSystemSynchronizedRootGroup;
			path = SongTranscriberTests;
			sourceTree = "<group>";
		};
		DEA4DCD32F0BBD0200516FC2 /* SongTranscriberUITests */ = {
			isa = PBXFileSystemSynchronizedRootGroup;
			path = SongTranscriberUITests;
			sourceTree = "<group>";
		};
/* End PBXFileSystemSynchronizedRootGroup section */

/* Begin PBXFrameworksBuildPhase section */
		DEA4DCB12F0BBD0000516FC2 /* Frameworks */ = {
			isa = PBXFrameworksBuildPhase;
			buildActionMask = 2147483647;
			files = (
			);
			runOnlyForDeploymentPostprocessing = 0;
		};
		DEA4DCC32F0BBD0200516FC2 /* Frameworks */ = {
			isa = PBXFrameworksBuildPhase;
			buildActionMask = 2147483647;
			files = (
			);
			runOnlyForDeploymentPostprocessing = 0;
		};
		DEA4DCCD2F0BBD0200516FC2 /* Frameworks */ = {
			isa = PBXFrameworksBuildPhase;
			buildActionMask = 2147483647;
			files = (
			);
			runOnlyForDeploymentPostprocessing = 0;
		};
/* End PBXFrameworksBuildPhase section */

/* Begin PBXGroup section */
		DEA4DCAB2F0BBD0000516FC2 = {
			isa = PBXGroup;
			children = (
				DEA4DCB62F0BBD0000516FC2 /* SongTranscriber */,
				DEA4DCC92F0BBD0200516FC2 /* SongTranscriberTests */,
				DEA4DCD32F0BBD0200516FC2 /* SongTranscriberUITests */,
				DEA4DCB52F0BBD0000516FC2 /* Products */,
			);
			sourceTree = "<group>";
		};
		DEA4DCB52F0BBD0000516FC2 /* Products */ = {
			isa = PBXGroup;
			children = (
				DEA4DCB42F0BBD0000516FC2 /* SongTranscriber.app */,
				DEA4DCC62F0BBD0200516FC2 /* SongTranscriberTests.xctest */,
				DEA4DCD02F0BBD0200516FC2 /* SongTranscriberUITests.xctest */,
			);
			name = Products;
			sourceTree = "<group>";
		};
/* End PBXGroup section */

/* Begin PBXNativeTarget section */
		DEA4DCB32F0BBD0000516FC2 /* SongTranscriber */ = {
			isa = PBXNativeTarget;
			buildConfigurationList = DEA4DCDA2F0BBD0200516FC2 /* Build configuration list for PBXNativeTarget "SongTranscriber" */;
			buildPhases = (
				DEA4DCB02F0BBD0000516FC2 /* Sources */,
				DEA4DCB12F0BBD0000516FC2 /* Frameworks */,
				DEA4DCB22F0BBD0000516FC2 /* Resources */,
			);
			buildRules = (
			);
			dependencies = (
			);
			fileSystemSynchronizedGroups = (
				DEA4DCB62F0BBD0000516FC2 /* SongTranscriber */,
			);
			name = SongTranscriber;
			packageProductDependencies = (
			);
			productName = SongTranscriber;
			productReference = DEA4DCB42F0BBD0000516FC2 /* SongTranscriber.app */;
			productType = "com.apple.product-type.application";
		};
		DEA4DCC52F0BBD0200516FC2 /* SongTranscriberTests */ = {
			isa = PBXNativeTarget;
			buildConfigurationList = DEA4DCDD2F0BBD0200516FC2 /* Build configuration list for PBXNativeTarget "SongTranscriberTests" */;
			buildPhases = (
				DEA4DCC22F0BBD0200516FC2 /* Sources */,
				DEA4DCC32F0BBD0200516FC2 /* Frameworks */,
				DEA4DCC42F0BBD0200516FC2 /* Resources */,
			);
			buildRules = (
			);
			dependencies = (
				DEA4DCC82F0BBD0200516FC2 /* PBXTargetDependency */,
			);
			fileSystemSynchronizedGroups = (
				DEA4DCC92F0BBD0200516FC2 /* SongTranscriberTests */,
			);
			name = SongTranscriberTests;
			packageProductDependencies = (
			);
			productName = SongTranscriberTests;
			productReference = DEA4DCC62F0BBD0200516FC2 /* SongTranscriberTests.xctest */;
			productType = "com.apple.product-type.bundle.unit-test";
		};
		DEA4DCCF2F0BBD0200516FC2 /* SongTranscriberUITests */ = {
			isa = PBXNativeTarget;
			buildConfigurationList = DEA4DCE02F0BBD0200516FC2 /* Build configuration list for PBXNativeTarget "SongTranscriberUITests" */;
			buildPhases = (
				DEA4DCCC2F0BBD0200516FC2 /* Sources */,
				DEA4DCCD2F0BBD0200516FC2 /* Frameworks */,
				DEA4DCCE2F0BBD0200516FC2 /* Resources */,
			);
			buildRules = (
			);
			dependencies = (
				DEA4DCD22F0BBD0200516FC2 /* PBXTargetDependency */,
			);
			fileSystemSynchronizedGroups = (
				DEA4DCD32F0BBD0200516FC2 /* SongTranscriberUITests */,
			);
			name = SongTranscriberUITests;
			packageProductDependencies = (
			);
			productName = SongTranscriberUITests;
			productReference = DEA4DCD02F0BBD0200516FC2 /* SongTranscriberUITests.xctest */;
			productType = "com.apple.product-type.bundle.ui-testing";
		};
/* End PBXNativeTarget section */

/* Begin PBXProject section */
		DEA4DCAC2F0BBD0000516FC2 /* Project object */ = {
			isa = PBXProject;
			attributes = {
				BuildIndependentTargetsInParallel = 1;
				LastSwiftUpdateCheck = 2620;
				LastUpgradeCheck = 2620;
				TargetAttributes = {
					DEA4DCB32F0BBD0000516FC2 = {
						CreatedOnToolsVersion = 26.2;
					};
					DEA4DCC52F0BBD0200516FC2 = {
						CreatedOnToolsVersion = 26.2;
						TestTargetID = DEA4DCB32F0BBD0000516FC2;
					};
					DEA4DCCF2F0BBD0200516FC2 = {
						CreatedOnToolsVersion = 26.2;
						TestTargetID = DEA4DCB32F0BBD0000516FC2;
					};
				};
			};
			buildConfigurationList = DEA4DCAF2F0BBD0000516FC2 /* Build configuration list for PBXProject "SongTranscriber" */;
			developmentRegion = en;
			hasScannedForEncodings = 0;
			knownRegions = (
				en,
				Base,
			);
			mainGroup = DEA4DCAB2F0BBD0000516FC2;
			minimizedProjectReferenceProxies = 1;
			preferredProjectObjectVersion = 77;
			productRefGroup = DEA4DCB52F0BBD0000516FC2 /* Products */;
			projectDirPath = "";
			projectRoot = "";
			targets = (
				DEA4DCB32F0BBD0000516FC2 /* SongTranscriber */,
				DEA4DCC52F0BBD0200516FC2 /* SongTranscriberTests */,
				DEA4DCCF2F0BBD0200516FC2 /* SongTranscriberUITests */,
			);
		};
/* End PBXProject section */

/* Begin PBXResourcesBuildPhase section */
		DEA4DCB22F0BBD0000516FC2 /* Resources */ = {
			isa = PBXResourcesBuildPhase;
			buildActionMask = 2147483647;
			files = (
			);
			runOnlyForDeploymentPostprocessing = 0;
		};
		DEA4DCC42F0BBD0200516FC2 /* Resources */ = {
			isa = PBXResourcesBuildPhase;
			buildActionMask = 2147483647;
			files = (
			);
			runOnlyForDeploymentPostprocessing = 0;
		};
		DEA4DCCE2F0BBD0200516FC2 /* Resources */ = {
			isa = PBXResourcesBuildPhase;
			buildActionMask = 2147483647;
			files = (
			);
			runOnlyForDeploymentPostprocessing = 0;
		};
/* End PBXResourcesBuildPhase section */

/* Begin PBXSourcesBuildPhase section */
		DEA4DCB02F0BBD0000516FC2 /* Sources */ = {
			isa = PBXSourcesBuildPhase;
			buildActionMask = 2147483647;
			files = (
			);
			runOnlyForDeploymentPostprocessing = 0;
		};
		DEA4DCC22F0BBD0200516FC2 /* Sources */ = {
			isa = PBXSourcesBuildPhase;
			buildActionMask = 2147483647;
			files = (
			);
			runOnlyForDeploymentPostprocessing = 0;
		};
		DEA4DCCC2F0BBD0200516FC2 /* Sources */ = {
			isa = PBXSourcesBuildPhase;
			buildActionMask = 2147483647;
			files = (
			);
			runOnlyForDeploymentPostprocessing = 0;
		};
/* End PBXSourcesBuildPhase section */

/* Begin PBXTargetDependency section */
		DEA4DCC82F0BBD0200516FC2 /* PBXTargetDependency */ = {
			isa = PBXTargetDependency;
			target = DEA4DCB32F0BBD0000516FC2 /* SongTranscriber */;
			targetProxy = DEA4DCC72F0BBD0200516FC2 /* PBXContainerItemProxy */;
		};
		DEA4DCD22F0BBD0200516FC2 /* PBXTargetDependency */ = {
			isa = PBXTargetDependency;
			target = DEA4DCB32F0BBD0000516FC2 /* SongTranscriber */;
			targetProxy = DEA4DCD12F0BBD0200516FC2 /* PBXContainerItemProxy */;
		};
/* End PBXTargetDependency section */

/* Begin XCBuildConfiguration section */
		DEA4DCD82F0BBD0200516FC2 /* Debug */ = {
			isa = XCBuildConfiguration;
			buildSettings = {
				ALWAYS_SEARCH_USER_PATHS = NO;
				ASSETCATALOG_COMPILER_GENERATE_SWIFT_ASSET_SYMBOL_EXTENSIONS = YES;
				CLANG_ANALYZER_NONNULL = YES;
				CLANG_ANALYZER_NUMBER_OBJECT_CONVERSION = YES_AGGRESSIVE;
				CLANG_CXX_LANGUAGE_STANDARD = "gnu++20";
				CLANG_ENABLE_MODULES = YES;
				CLANG_ENABLE_OBJC_ARC = YES;
				CLANG_ENABLE_OBJC_WEAK = YES;
				CLANG_WARN_BLOCK_CAPTURE_AUTORELEASING = YES;
				CLANG_WARN_BOOL_CONVERSION = YES;
				CLANG_WARN_COMMA = YES;
				CLANG_WARN_CONSTANT_CONVERSION = YES;
				CLANG_WARN_DEPRECATED_OBJC_IMPLEMENTATIONS = YES;
				CLANG_WARN_DIRECT_OBJC_ISA_USAGE = YES_ERROR;
				CLANG_WARN_DOCUMENTATION_COMMENTS = YES;
				CLANG_WARN_EMPTY_BODY = YES;
				CLANG_WARN_ENUM_CONVERSION = YES;
				CLANG_WARN_INFINITE_RECURSION = YES;
				CLANG_WARN_INT_CONVERSION = YES;
				CLANG_WARN_NON_LITERAL_NULL_CONVERSION = YES;
				CLANG_WARN_OBJC_IMPLICIT_RETAIN_SELF = YES;
				CLANG_WARN_OBJC_LITERAL_CONVERSION = YES;
				CLANG_WARN_OBJC_ROOT_CLASS = YES_ERROR;
				CLANG_WARN_QUOTED_INCLUDE_IN_FRAMEWORK_HEADER = YES;
				CLANG_WARN_RANGE_LOOP_ANALYSIS = YES;
				CLANG_WARN_STRICT_PROTOTYPES = YES;
				CLANG_WARN_SUSPICIOUS_MOVE = YES;
				CLANG_WARN_UNGUARDED_AVAILABILITY = YES_AGGRESSIVE;
				CLANG_WARN_UNREACHABLE_CODE = YES;
				CLANG_WARN__DUPLICATE_METHOD_MATCH = YES;
				COPY_PHASE_STRIP = NO;
				DEBUG_INFORMATION_FORMAT = dwarf;
				DEVELOPMENT_TEAM = NDMG62GXZA;
				ENABLE_STRICT_OBJC_MSGSEND = YES;
				ENABLE_TESTABILITY = YES;
				ENABLE_USER_SCRIPT_SANDBOXING = YES;
				GCC_C_LANGUAGE_STANDARD = gnu17;
				GCC_DYNAMIC_NO_PIC = NO;
				GCC_NO_COMMON_BLOCKS = YES;
				GCC_OPTIMIZATION_LEVEL = 0;
				GCC_PREPROCESSOR_DEFINITIONS = (
					"DEBUG=1",
					"$(inherited)",
				);
				GCC_WARN_64_TO_32_BIT_CONVERSION = YES;
				GCC_WARN_ABOUT_RETURN_TYPE = YES_ERROR;
				GCC_WARN_UNDECLARED_SELECTOR = YES;
				GCC_WARN_UNINITIALIZED_AUTOS = YES_AGGRESSIVE;
				GCC_WARN_UNUSED_FUNCTION = YES;
				GCC_WARN_UNUSED_VARIABLE = YES;
				IPHONEOS_DEPLOYMENT_TARGET = 26.2;
				LOCALIZATION_PREFERS_STRING_CATALOGS = YES;
				MTL_ENABLE_DEBUG_INFO = INCLUDE_SOURCE;
				MTL_FAST_MATH = YES;
				ONLY_ACTIVE_ARCH = YES;
				SDKROOT = iphoneos;
				SWIFT_ACTIVE_COMPILATION_CONDITIONS = "DEBUG $(inherited)";
				SWIFT_OPTIMIZATION_LEVEL = "-Onone";
			};
			name = Debug;
		};
		DEA4DCD92F0BBD0200516FC2 /* Release */ = {
			isa = XCBuildConfiguration;
			buildSettings = {
				ALWAYS_SEARCH_USER_PATHS = NO;
				ASSETCATALOG_COMPILER_GENERATE_SWIFT_ASSET_SYMBOL_EXTENSIONS = YES;
				CLANG_ANALYZER_NONNULL = YES;
				CLANG_ANALYZER_NUMBER_OBJECT_CONVERSION = YES_AGGRESSIVE;
				CLANG_CXX_LANGUAGE_STANDARD = "gnu++20";
				CLANG_ENABLE_MODULES = YES;
				CLANG_ENABLE_OBJC_ARC = YES;
				CLANG_ENABLE_OBJC_WEAK = YES;
				CLANG_WARN_BLOCK_CAPTURE_AUTORELEASING = YES;
				CLANG_WARN_BOOL_CONVERSION = YES;
				CLANG_WARN_COMMA = YES;
				CLANG_WARN_CONSTANT_CONVERSION = YES;
				CLANG_WARN_DEPRECATED_OBJC_IMPLEMENTATIONS = YES;
				CLANG_WARN_DIRECT_OBJC_ISA_USAGE = YES_ERROR;
				CLANG_WARN_DOCUMENTATION_COMMENTS = YES;
				CLANG_WARN_EMPTY_BODY = YES;
				CLANG_WARN_ENUM_CONVERSION = YES;
				CLANG_WARN_INFINITE_RECURSION = YES;
				CLANG_WARN_INT_CONVERSION = YES;
				CLANG_WARN_NON_LITERAL_NULL_CONVERSION = YES;
				CLANG_WARN_OBJC_IMPLICIT_RETAIN_SELF = YES;
				CLANG_WARN_OBJC_LITERAL_CONVERSION = YES;
				CLANG_WARN_OBJC_ROOT_CLASS = YES_ERROR;
				CLANG_WARN_QUOTED_INCLUDE_IN_FRAMEWORK_HEADER = YES;
				CLANG_WARN_RANGE_LOOP_ANALYSIS = YES;
				CLANG_WARN_STRICT_PROTOTYPES = YES;
				CLANG_WARN_SUSPICIOUS_MOVE = YES;
				CLANG_WARN_UNGUARDED_AVAILABILITY = YES_AGGRESSIVE;
				CLANG_WARN_UNREACHABLE_CODE = YES;
				CLANG_WARN__DUPLICATE_METHOD_MATCH = YES;
				COPY_PHASE_STRIP = NO;
				DEBUG_INFORMATION_FORMAT = "dwarf-with-dsym";
				DEVELOPMENT_TEAM = NDMG62GXZA;
				ENABLE_NS_ASSERTIONS = NO;
				ENABLE_STRICT_OBJC_MSGSEND = YES;
				ENABLE_USER_SCRIPT_SANDBOXING = YES;
				GCC_C_LANGUAGE_STANDARD = gnu17;
				GCC_NO_COMMON_BLOCKS = YES;
				GCC_WARN_64_TO_32_BIT_CONVERSION = YES;
				GCC_WARN_ABOUT_RETURN_TYPE = YES_ERROR;
				GCC_WARN_UNDECLARED_SELECTOR = YES;
				GCC_WARN_UNINITIALIZED_AUTOS = YES_AGGRESSIVE;
				GCC_WARN_UNUSED_FUNCTION = YES;
				GCC_WARN_UNUSED_VARIABLE = YES;
				IPHONEOS_DEPLOYMENT_TARGET = 26.2;
				LOCALIZATION_PREFERS_STRING_CATALOGS = YES;
				MTL_ENABLE_DEBUG_INFO = NO;
				MTL_FAST_MATH = YES;
				SDKROOT = iphoneos;
				SWIFT_COMPILATION_MODE = wholemodule;
				VALIDATE_PRODUCT = YES;
			};
			name = Release;
		};
		DEA4DCDB2F0BBD0200516FC2 /* Debug */ = {
			isa = XCBuildConfiguration;
			buildSettings = {
				ASSETCATALOG_COMPILER_APPICON_NAME = AppIcon;
				ASSETCATALOG_COMPILER_GLOBAL_ACCENT_COLOR_NAME = AccentColor;
				CODE_SIGN_STYLE = Automatic;
				CURRENT_PROJECT_VERSION = 1;
				DEVELOPMENT_TEAM = NDMG62GXZA;
				ENABLE_PREVIEWS = YES;
				GENERATE_INFOPLIST_FILE = YES;
				INFOPLIST_KEY_CFBundleDisplayName = "Song Transcriber";
				INFOPLIST_KEY_NSMicrophoneUsageDescription = "This app needs access to your microphone to record songs for transcription.";
				INFOPLIST_KEY_UIApplicationSceneManifest_Generation = YES;
				INFOPLIST_KEY_UIApplicationSupportsIndirectInputEvents = YES;
				INFOPLIST_KEY_UILaunchScreen_Generation = YES;
				INFOPLIST_KEY_UISupportedInterfaceOrientations_iPad = "UIInterfaceOrientationPortrait UIInterfaceOrientationPortraitUpsideDown UIInterfaceOrientationLandscapeLeft UIInterfaceOrientationLandscapeRight";
				INFOPLIST_KEY_UISupportedInterfaceOrientations_iPhone = "UIInterfaceOrientationPortrait UIInterfaceOrientationLandscapeLeft UIInterfaceOrientationLandscapeRight";
				LD_RUNPATH_SEARCH_PATHS = (
					"$(inherited)",
					"@executable_path/Frameworks",
				);
				MARKETING_VERSION = 1.0;
				PRODUCT_BUNDLE_IDENTIFIER = com.songtranscriber.app;
				PRODUCT_NAME = "$(TARGET_NAME)";
				STRING_CATALOG_GENERATE_SYMBOLS = YES;
				SWIFT_APPROACHABLE_CONCURRENCY = YES;
				SWIFT_DEFAULT_ACTOR_ISOLATION = MainActor;
				SWIFT_EMIT_LOC_STRINGS = YES;
				SWIFT_UPCOMING_FEATURE_MEMBER_IMPORT_VISIBILITY = YES;
				SWIFT_VERSION = 5.0;
				TARGETED_DEVICE_FAMILY = "1,2";
			};
			name = Debug;
		};
		DEA4DCDC2F0BBD0200516FC2 /* Release */ = {
			isa = XCBuildConfiguration;
			buildSettings = {
				ASSETCATALOG_COMPILER_APPICON_NAME = AppIcon;
				ASSETCATALOG_COMPILER_GLOBAL_ACCENT_COLOR_NAME = AccentColor;
				CODE_SIGN_STYLE = Automatic;
				CURRENT_PROJECT_VERSION = 1;
				DEVELOPMENT_TEAM = NDMG62GXZA;
				ENABLE_PREVIEWS = YES;
				GENERATE_INFOPLIST_FILE = YES;
				INFOPLIST_KEY_CFBundleDisplayName = "Song Transcriber";
				INFOPLIST_KEY_NSMicrophoneUsageDescription = "This app needs access to your microphone to record songs for transcription.";
				INFOPLIST_KEY_UIApplicationSceneManifest_Generation = YES;
				INFOPLIST_KEY_UIApplicationSupportsIndirectInputEvents = YES;
				INFOPLIST_KEY_UILaunchScreen_Generation = YES;
				INFOPLIST_KEY_UISupportedInterfaceOrientations_iPad = "UIInterfaceOrientationPortrait UIInterfaceOrientationPortraitUpsideDown UIInterfaceOrientationLandscapeLeft UIInterfaceOrientationLandscapeRight";
				INFOPLIST_KEY_UISupportedInterfaceOrientations_iPhone = "UIInterfaceOrientationPortrait UIInterfaceOrientationLandscapeLeft UIInterfaceOrientationLandscapeRight";
				LD_RUNPATH_SEARCH_PATHS = (
					"$(inherited)",
					"@executable_path/Frameworks",
				);
				MARKETING_VERSION = 1.0;
				PRODUCT_BUNDLE_IDENTIFIER = com.songtranscriber.app;
				PRODUCT_NAME = "$(TARGET_NAME)";
				STRING_CATALOG_GENERATE_SYMBOLS = YES;
				SWIFT_APPROACHABLE_CONCURRENCY = YES;
				SWIFT_DEFAULT_ACTOR_ISOLATION = MainActor;
				SWIFT_EMIT_LOC_STRINGS = YES;
				SWIFT_UPCOMING_FEATURE_MEMBER_IMPORT_VISIBILITY = YES;
				SWIFT_VERSION = 5.0;
				TARGETED_DEVICE_FAMILY = "1,2";
			};
			name = Release;
		};
		DEA4DCDE2F0BBD0200516FC2 /* Debug */ = {
			isa = XCBuildConfiguration;
			buildSettings = {
				BUNDLE_LOADER = "$(TEST_HOST)";
				CODE_SIGN_STYLE = Automatic;
				CURRENT_PROJECT_VERSION = 1;
				DEVELOPMENT_TEAM = NDMG62GXZA;
				GENERATE_INFOPLIST_FILE = YES;
				IPHONEOS_DEPLOYMENT_TARGET = 26.2;
				MARKETING_VERSION = 1.0;
				PRODUCT_BUNDLE_IDENTIFIER = com.kaletejas2006.SongTranscriberTests;
				PRODUCT_NAME = "$(TARGET_NAME)";
				STRING_CATALOG_GENERATE_SYMBOLS = NO;
				SWIFT_APPROACHABLE_CONCURRENCY = YES;
				SWIFT_EMIT_LOC_STRINGS = NO;
				SWIFT_UPCOMING_FEATURE_MEMBER_IMPORT_VISIBILITY = YES;
				SWIFT_VERSION = 5.0;
				TARGETED_DEVICE_FAMILY = "1,2";
				TEST_HOST = "$(BUILT_PRODUCTS_DIR)/SongTranscriber.app/$(BUNDLE_EXECUTABLE_FOLDER_PATH)/SongTranscriber";
			};
			name = Debug;
		};
		DEA4DCDF2F0BBD0200516FC2 /* Release */ = {
			isa = XCBuildConfiguration;
			buildSettings = {
				BUNDLE_LOADER = "$(TEST_HOST)";
				CODE_SIGN_STYLE = Automatic;
				CURRENT_PROJECT_VERSION = 1;
				DEVELOPMENT_TEAM = NDMG62GXZA;
				GENERATE_INFOPLIST_FILE = YES;
				IPHONEOS_DEPLOYMENT_TARGET = 26.2;
				MARKETING_VERSION = 1.0;
				PRODUCT_BUNDLE_IDENTIFIER = com.kaletejas2006.SongTranscriberTests;
				PRODUCT_NAME = "$(TARGET_NAME)";
				STRING_CATALOG_GENERATE_SYMBOLS = NO;
				SWIFT_APPROACHABLE_CONCURRENCY = YES;
				SWIFT_EMIT_LOC_STRINGS = NO;
				SWIFT_UPCOMING_FEATURE_MEMBER_IMPORT_VISIBILITY = YES;
				SWIFT_VERSION = 5.0;
				TARGETED_DEVICE_FAMILY = "1,2";
				TEST_HOST = "$(BUILT_PRODUCTS_DIR)/SongTranscriber.app/$(BUNDLE_EXECUTABLE_FOLDER_PATH)/SongTranscriber";
			};
			name = Release;
		};
		DEA4DCE12F0BBD0200516FC2 /* Debug */ = {
			isa = XCBuildConfiguration;
			buildSettings = {
				CODE_SIGN_STYLE = Automatic;
				CURRENT_PROJECT_VERSION = 1;
				DEVELOPMENT_TEAM = NDMG62GXZA;
				GENERATE_INFOPLIST_FILE = YES;
				MARKETING_VERSION = 1.0;
				PRODUCT_BUNDLE_IDENTIFIER = com.kaletejas2006.SongTranscriberUITests;
				PRODUCT_NAME = "$(TARGET_NAME)";
				STRING_CATALOG_GENERATE_SYMBOLS = NO;
				SWIFT_APPROACHABLE_CONCURRENCY = YES;
				SWIFT_EMIT_LOC_STRINGS = NO;
				SWIFT_UPCOMING_FEATURE_MEMBER_IMPORT_VISIBILITY = YES;
				SWIFT_VERSION = 5.0;
				TARGETED_DEVICE_FAMILY = "1,2";
				TEST_TARGET_NAME = SongTranscriber;
			};
			name = Debug;
		};
		DEA4DCE22F0BBD0200516FC2 /* Release */ = {
			isa = XCBuildConfiguration;
			buildSettings = {
				CODE_SIGN_STYLE = Automatic;
				CURRENT_PROJECT_VERSION = 1;
				DEVELOPMENT_TEAM = NDMG62GXZA;
				GENERATE_INFOPLIST_FILE = YES;
				MARKETING_VERSION = 1.0;
				PRODUCT_BUNDLE_IDENTIFIER = com.kaletejas2006.SongTranscriberUITests;
				PRODUCT_NAME = "$(TARGET_NAME)";
				STRING_CATALOG_GENERATE_SYMBOLS = NO;
				SWIFT_APPROACHABLE_CONCURRENCY = YES;
				SWIFT_EMIT_LOC_STRINGS = NO;
				SWIFT_UPCOMING_FEATURE_MEMBER_IMPORT_VISIBILITY = YES;
				SWIFT_VERSION = 5.0;
				TARGETED_DEVICE_FAMILY = "1,2";
				TEST_TARGET_NAME = SongTranscriber;
			};
			name = Release;
		};
/* End XCBuildConfiguration section */

/* Begin XCConfigurationList section */
		DEA4DCAF2F0BBD0000516FC2 /* Build configuration list for PBXProject "SongTranscriber" */ = {
			isa = XCConfigurationList;
			buildConfigurations = (
				DEA4DCD82F0BBD0200516FC2 /* Debug */,
				DEA4DCD92F0BBD0200516FC2 /* Release */,
			);
			defaultConfigurationIsVisible = 0;
			defaultConfigurationName = Release;
		};
		DEA4DCDA2F0BBD0200516FC2 /* Build configuration list for PBXNativeTarget "SongTranscriber" */ = {
			isa = XCConfigurationList;
			buildConfigurations = (
				DEA4DCDB2F0BBD0200516FC2 /* Debug */,
				DEA4DCDC2F0BBD0200516FC2 /* Release */,
			);
			defaultConfigurationIsVisible = 0;
			defaultConfigurationName = Release;
		};
		DEA4DCDD2F0BBD0200516FC2 /* Build configuration list for PBXNativeTarget "SongTranscriberTests" */ = {
			isa = XCConfigurationList;
			buildConfigurations = (
				DEA4DCDE2F0BBD0200516FC2 /* Debug */,
				DEA4DCDF2F0BBD0200516FC2 /* Release */,
			);
			defaultConfigurationIsVisible = 0;
			defaultConfigurationName = Release;
		};
		DEA4DCE02F0BBD0200516FC2 /* Build configuration list for PBXNativeTarget "SongTranscriberUITests" */ = {
			isa = XCConfigurationList;
			buildConfigurations = (
				DEA4DCE12F0BBD0200516FC2 /* Debug */,
				DEA4DCE22F0BBD0200516FC2 /* Release */,
			);
			defaultConfigurationIsVisible = 0;
			defaultConfigurationName = Release;
		};
/* End XCConfigurationList section */
	};
	rootObject = DEA4DCAC2F0BBD0000516FC2 /* Project object */;
}
